
Microsoft Visual Studio Solution File, Format Version 12.00
# Visual Studio Version 17
VisualStudioVersion = 17.14.36127.28
MinimumVisualStudioVersion = 10.0.40219.1
Project("{FAE04EC0-301F-11D3-BF4B-00C04F79EFBC}") = "ProductService", "ProductService\ProductService.csproj", "{AE46DBC7-5F87-4FEE-A927-A5B047710DDB}"
EndProject
Global
	GlobalSection(SolutionConfigurationPlatforms) = preSolution
		Debug|Any CPU = Debug|Any CPU
		Release|Any CPU = Release|Any CPU
	EndGlobalSection
	GlobalSection(ProjectConfigurationPlatforms) = postSolution
		{AE46DBC7-5F87-4FEE-A927-A5B047710DDB}.Debug|Any CPU.ActiveCfg = Debug|Any CPU
		{AE46DBC7-5F87-4FEE-A927-A5B047710DDB}.Debug|Any CPU.Build.0 = Debug|Any CPU
		{AE46DBC7-5F87-4FEE-A927-A5B047710DDB}.Release|Any CPU.ActiveCfg = Release|Any CPU
		{AE46DBC7-5F87-4FEE-A927-A5B047710DDB}.Release|Any CPU.Build.0 = Release|Any CPU
	EndGlobalSection
	GlobalSection(SolutionProperties) = preSolution
		HideSolutionNode = FALSE
	EndGlobalSection
	GlobalSection(ExtensibilityGlobals) = postSolution
		SolutionGuid = {C81A42C2-C6D6-4E2D-B74D-7F506CE02174}
	EndGlobalSection
EndGlobal
