
Microsoft Visual Studio Solution File, Format Version 12.00
# Visual Studio Version 18
VisualStudioVersion = 18.4.11620.152
MinimumVisualStudioVersion = 10.0.40219.1
Project("{FAE04EC0-301F-11D3-BF4B-00C04F79EFBC}") = "ProductService.Application", "ProductService.Application\ProductService.Application.csproj", "{11682EAD-BAD9-4FE2-9FBE-4E6D71DAAD7E}"
EndProject
Project("{FAE04EC0-301F-11D3-BF4B-00C04F79EFBC}") = "ProductService.Domain", "ProductService.Domain\ProductService.Domain.csproj", "{DC32937A-CBCF-4FA6-B2B7-7D8ADC7B17BD}"
EndProject
Project("{FAE04EC0-301F-11D3-BF4B-00C04F79EFBC}") = "ProductService.Infrastructure", "ProductService.Infrastructure\ProductService.Infrastructure.csproj", "{0F14EE53-690D-4263-B873-347AE4F9D16D}"
EndProject
Project("{FAE04EC0-301F-11D3-BF4B-00C04F79EFBC}") = "ProductService.Api", "ProductService.Api\ProductService.Api.csproj", "{A58E3C35-90BE-4C3B-85FF-FEF1B3F3A84F}"
EndProject
Global
	GlobalSection(SolutionConfigurationPlatforms) = preSolution
		Debug|Any CPU = Debug|Any CPU
		Release|Any CPU = Release|Any CPU
	EndGlobalSection
	GlobalSection(ProjectConfigurationPlatforms) = postSolution
		{11682EAD-BAD9-4FE2-9FBE-4E6D71DAAD7E}.Debug|Any CPU.ActiveCfg = Debug|Any CPU
		{11682EAD-BAD9-4FE2-9FBE-4E6D71DAAD7E}.Debug|Any CPU.Build.0 = Debug|Any CPU
		{11682EAD-BAD9-4FE2-9FBE-4E6D71DAAD7E}.Release|Any CPU.ActiveCfg = Release|Any CPU
		{11682EAD-BAD9-4FE2-9FBE-4E6D71DAAD7E}.Release|Any CPU.Build.0 = Release|Any CPU
		{DC32937A-CBCF-4FA6-B2B7-7D8ADC7B17BD}.Debug|Any CPU.ActiveCfg = Debug|Any CPU
		{DC32937A-CBCF-4FA6-B2B7-7D8ADC7B17BD}.Debug|Any CPU.Build.0 = Debug|Any CPU
		{DC32937A-CBCF-4FA6-B2B7-7D8ADC7B17BD}.Release|Any CPU.ActiveCfg = Release|Any CPU
		{DC32937A-CBCF-4FA6-B2B7-7D8ADC7B17BD}.Release|Any CPU.Build.0 = Release|Any CPU
		{0F14EE53-690D-4263-B873-347AE4F9D16D}.Debug|Any CPU.ActiveCfg = Debug|Any CPU
		{0F14EE53-690D-4263-B873-347AE4F9D16D}.Debug|Any CPU.Build.0 = Debug|Any CPU
		{0F14EE53-690D-4263-B873-347AE4F9D16D}.Release|Any CPU.ActiveCfg = Release|Any CPU
		{0F14EE53-690D-4263-B873-347AE4F9D16D}.Release|Any CPU.Build.0 = Release|Any CPU
		{A58E3C35-90BE-4C3B-85FF-FEF1B3F3A84F}.Debug|Any CPU.ActiveCfg = Debug|Any CPU
		{A58E3C35-90BE-4C3B-85FF-FEF1B3F3A84F}.Debug|Any CPU.Build.0 = Debug|Any CPU
		{A58E3C35-90BE-4C3B-85FF-FEF1B3F3A84F}.Release|Any CPU.ActiveCfg = Release|Any CPU
		{A58E3C35-90BE-4C3B-85FF-FEF1B3F3A84F}.Release|Any CPU.Build.0 = Release|Any CPU
	EndGlobalSection
	GlobalSection(SolutionProperties) = preSolution
		HideSolutionNode = FALSE
	EndGlobalSection
	GlobalSection(ExtensibilityGlobals) = postSolution
		SolutionGuid = {776D4DF2-4990-4662-BF27-F07C9F5367FE}
	EndGlobalSection
EndGlobal
